
Microsoft Visual Studio Solution File, Format Version 12.00
# Visual Studio 15
VisualStudioVersion = 15.0.27130.2027
MinimumVisualStudioVersion = 10.0.40219.1
Project("{FAE04EC0-301F-11D3-BF4B-00C04F79EFBC}") = "IspApp", "IspApp\IspApp.csproj", "{BE16E207-C321-48B9-8776-7019A7812FBD}"
EndProject
Global
	GlobalSection(SolutionConfigurationPlatforms) = preSolution
		Debug|Any CPU = Debug|Any CPU
		Release|Any CPU = Release|Any CPU
	EndGlobalSection
	GlobalSection(ProjectConfigurationPlatforms) = postSolution
		{BE16E207-C321-48B9-8776-7019A7812FBD}.Debug|Any CPU.ActiveCfg = Debug|Any CPU
		{BE16E207-C321-48B9-8776-7019A7812FBD}.Debug|Any CPU.Build.0 = Debug|Any CPU
		{BE16E207-C321-48B9-8776-7019A7812FBD}.Release|Any CPU.ActiveCfg = Release|Any CPU
		{BE16E207-C321-48B9-8776-7019A7812FBD}.Release|Any CPU.Build.0 = Release|Any CPU
	EndGlobalSection
	GlobalSection(SolutionProperties) = preSolution
		HideSolutionNode = FALSE
	EndGlobalSection
	GlobalSection(ExtensibilityGlobals) = postSolution
		SolutionGuid = {CE0172BD-4E7F-437F-A1FA-1C9E45A42130}
	EndGlobalSection
EndGlobal
